
Microsoft Visual Studio Solution File, Format Version 12.00
# Visual Studio Version 17
VisualStudioVersion = 17.8.34316.72
MinimumVisualStudioVersion = 10.0.40219.1
Project("{2150E333-8FDC-42A3-9474-1A3956D46DE8}") = "Solution Items", "Solution Items", "{FC2F1760-CC2A-4656-AFE2-BF78AD2E05D4}"
	ProjectSection(SolutionItems) = preProject
		nuget.config = nuget.config
	EndProjectSection
EndProject
Project("{D954291E-2A0B-460D-934E-DC6B0785DB48}") = "Core", "Core\Core.shproj", "{449C6A26-FCDC-4326-B23B-66131A5B324F}"
EndProject
Project("{2150E333-8FDC-42A3-9474-1A3956D46DE8}") = "Mods", "Mods", "{A93311F4-BAF5-41DF-BF06-E421E2FF0CA7}"
EndProject
Project("{9A19103F-16F7-4668-BE54-9A1E7A4F7556}") = "ShardPolice", "Mods\ShardPolice\ShardPolice.csproj", "{88EE04A1-9FE0-46C7-BA03-48B498C5CA7D}"
EndProject
Project("{9A19103F-16F7-4668-BE54-9A1E7A4F7556}") = "CastleHeartPolice", "Mods\CastleHeartPolice\CastleHeartPolice.csproj", "{64C3EECF-4980-4942-9954-35C08915A887}"
EndProject
Project("{9A19103F-16F7-4668-BE54-9A1E7A4F7556}") = "ClanVsClan", "Mods\ClanVsClan\ClanVsClan.csproj", "{357D272A-B23F-4F04-8D5D-CCEA0CB4F1F9}"
EndProject
Project("{FAE04EC0-301F-11D3-BF4B-00C04F79EFBC}") = "EventScheduler", "Mods\EventScheduler\EventScheduler.csproj", "{6D397C39-D258-4C69-91B2-429D3A403EB7}"
EndProject
Project("{FAE04EC0-301F-11D3-BF4B-00C04F79EFBC}") = "SystemsPOC", "Mods\SystemsPOC\SystemsPOC.csproj", "{2EAE931B-326E-491D-86A7-0CC9E732E711}"
EndProject
Project("{FAE04EC0-301F-11D3-BF4B-00C04F79EFBC}") = "TestPluginWithLoadFault", "Mods\TestPluginWithLoadFault\TestPluginWithLoadFault.csproj", "{F0E25D42-F334-4C1A-BDFD-BBD0B5718F5C}"
EndProject
Project("{FAE04EC0-301F-11D3-BF4B-00C04F79EFBC}") = "BalancingPOC", "Mods\BalancingPOC\BalancingPOC.csproj", "{C1C3E803-CC97-4352-B900-983A60663F15}"
EndProject
Project("{FAE04EC0-301F-11D3-BF4B-00C04F79EFBC}") = "SystemHooksPOC", "Mods\SystemHooksPOC\SystemHooksPOC.csproj", "{B504F729-218D-4949-BF03-EAE162A4BB95}"
EndProject
Project("{FAE04EC0-301F-11D3-BF4B-00C04F79EFBC}") = "ScarletRCON_SoftDep_AsyncPOC", "Mods\ScarletRCON_SoftDep_AsyncPOC\ScarletRCON_SoftDep_AsyncPOC.csproj", "{9893E1D2-2BCA-46D8-AEF3-599F3958CA72}"
EndProject
Project("{FAE04EC0-301F-11D3-BF4B-00C04F79EFBC}") = "CreatePlayerPOC", "Mods\CreatePlayerPOC\CreatePlayerPOC.csproj", "{643A1445-B387-44D0-A1C6-537FC9F09917}"
EndProject
Project("{FAE04EC0-301F-11D3-BF4B-00C04F79EFBC}") = "AbilityHooksPOC", "Mods\AbilityHooksPOC\AbilityHooksPOC.csproj", "{1D92F69E-219C-482E-ACE0-3794929080FE}"
EndProject
Project("{FAE04EC0-301F-11D3-BF4B-00C04F79EFBC}") = "SystemsDumper", "Mods\SystemsDumper\SystemsDumper.csproj", "{4FEFDDDB-9C4C-41AD-ACAF-D5E6EA825448}"
EndProject
Project("{FAE04EC0-301F-11D3-BF4B-00C04F79EFBC}") = "BuildCostsPOC", "Mods\BuildCostsPOC\BuildCostsPOC.csproj", "{B5BCBD15-7410-4E88-A812-C23B87F17F4E}"
EndProject
Global
	GlobalSection(SolutionConfigurationPlatforms) = preSolution
		Debug|Any CPU = Debug|Any CPU
		Debug|x64 = Debug|x64
		Debug|x86 = Debug|x86
		Release|Any CPU = Release|Any CPU
		Release|x64 = Release|x64
		Release|x86 = Release|x86
	EndGlobalSection
	GlobalSection(ProjectConfigurationPlatforms) = postSolution
		{88EE04A1-9FE0-46C7-BA03-48B498C5CA7D}.Debug|Any CPU.ActiveCfg = Debug|Any CPU
		{88EE04A1-9FE0-46C7-BA03-48B498C5CA7D}.Debug|Any CPU.Build.0 = Debug|Any CPU
		{88EE04A1-9FE0-46C7-BA03-48B498C5CA7D}.Debug|x64.ActiveCfg = Debug|Any CPU
		{88EE04A1-9FE0-46C7-BA03-48B498C5CA7D}.Debug|x64.Build.0 = Debug|Any CPU
		{88EE04A1-9FE0-46C7-BA03-48B498C5CA7D}.Debug|x86.ActiveCfg = Debug|Any CPU
		{88EE04A1-9FE0-46C7-BA03-48B498C5CA7D}.Debug|x86.Build.0 = Debug|Any CPU
		{88EE04A1-9FE0-46C7-BA03-48B498C5CA7D}.Release|Any CPU.ActiveCfg = Release|Any CPU
		{88EE04A1-9FE0-46C7-BA03-48B498C5CA7D}.Release|Any CPU.Build.0 = Release|Any CPU
		{88EE04A1-9FE0-46C7-BA03-48B498C5CA7D}.Release|x64.ActiveCfg = Release|Any CPU
		{88EE04A1-9FE0-46C7-BA03-48B498C5CA7D}.Release|x64.Build.0 = Release|Any CPU
		{88EE04A1-9FE0-46C7-BA03-48B498C5CA7D}.Release|x86.ActiveCfg = Release|Any CPU
		{88EE04A1-9FE0-46C7-BA03-48B498C5CA7D}.Release|x86.Build.0 = Release|Any CPU
		{64C3EECF-4980-4942-9954-35C08915A887}.Debug|Any CPU.ActiveCfg = Debug|Any CPU
		{64C3EECF-4980-4942-9954-35C08915A887}.Debug|Any CPU.Build.0 = Debug|Any CPU
		{64C3EECF-4980-4942-9954-35C08915A887}.Debug|x64.ActiveCfg = Debug|Any CPU
		{64C3EECF-4980-4942-9954-35C08915A887}.Debug|x64.Build.0 = Debug|Any CPU
		{64C3EECF-4980-4942-9954-35C08915A887}.Debug|x86.ActiveCfg = Debug|Any CPU
		{64C3EECF-4980-4942-9954-35C08915A887}.Debug|x86.Build.0 = Debug|Any CPU
		{64C3EECF-4980-4942-9954-35C08915A887}.Release|Any CPU.ActiveCfg = Release|Any CPU
		{64C3EECF-4980-4942-9954-35C08915A887}.Release|Any CPU.Build.0 = Release|Any CPU
		{64C3EECF-4980-4942-9954-35C08915A887}.Release|x64.ActiveCfg = Release|Any CPU
		{64C3EECF-4980-4942-9954-35C08915A887}.Release|x64.Build.0 = Release|Any CPU
		{64C3EECF-4980-4942-9954-35C08915A887}.Release|x86.ActiveCfg = Release|Any CPU
		{64C3EECF-4980-4942-9954-35C08915A887}.Release|x86.Build.0 = Release|Any CPU
		{357D272A-B23F-4F04-8D5D-CCEA0CB4F1F9}.Debug|Any CPU.ActiveCfg = Debug|Any CPU
		{357D272A-B23F-4F04-8D5D-CCEA0CB4F1F9}.Debug|Any CPU.Build.0 = Debug|Any CPU
		{357D272A-B23F-4F04-8D5D-CCEA0CB4F1F9}.Debug|x64.ActiveCfg = Debug|Any CPU
		{357D272A-B23F-4F04-8D5D-CCEA0CB4F1F9}.Debug|x64.Build.0 = Debug|Any CPU
		{357D272A-B23F-4F04-8D5D-CCEA0CB4F1F9}.Debug|x86.ActiveCfg = Debug|Any CPU
		{357D272A-B23F-4F04-8D5D-CCEA0CB4F1F9}.Debug|x86.Build.0 = Debug|Any CPU
		{357D272A-B23F-4F04-8D5D-CCEA0CB4F1F9}.Release|Any CPU.ActiveCfg = Release|Any CPU
		{357D272A-B23F-4F04-8D5D-CCEA0CB4F1F9}.Release|Any CPU.Build.0 = Release|Any CPU
		{357D272A-B23F-4F04-8D5D-CCEA0CB4F1F9}.Release|x64.ActiveCfg = Release|Any CPU
		{357D272A-B23F-4F04-8D5D-CCEA0CB4F1F9}.Release|x64.Build.0 = Release|Any CPU
		{357D272A-B23F-4F04-8D5D-CCEA0CB4F1F9}.Release|x86.ActiveCfg = Release|Any CPU
		{357D272A-B23F-4F04-8D5D-CCEA0CB4F1F9}.Release|x86.Build.0 = Release|Any CPU
		{6D397C39-D258-4C69-91B2-429D3A403EB7}.Debug|Any CPU.ActiveCfg = Debug|Any CPU
		{6D397C39-D258-4C69-91B2-429D3A403EB7}.Debug|Any CPU.Build.0 = Debug|Any CPU
		{6D397C39-D258-4C69-91B2-429D3A403EB7}.Debug|x64.ActiveCfg = Debug|Any CPU
		{6D397C39-D258-4C69-91B2-429D3A403EB7}.Debug|x64.Build.0 = Debug|Any CPU
		{6D397C39-D258-4C69-91B2-429D3A403EB7}.Debug|x86.ActiveCfg = Debug|Any CPU
		{6D397C39-D258-4C69-91B2-429D3A403EB7}.Debug|x86.Build.0 = Debug|Any CPU
		{6D397C39-D258-4C69-91B2-429D3A403EB7}.Release|Any CPU.ActiveCfg = Release|Any CPU
		{6D397C39-D258-4C69-91B2-429D3A403EB7}.Release|Any CPU.Build.0 = Release|Any CPU
		{6D397C39-D258-4C69-91B2-429D3A403EB7}.Release|x64.ActiveCfg = Release|Any CPU
		{6D397C39-D258-4C69-91B2-429D3A403EB7}.Release|x64.Build.0 = Release|Any CPU
		{6D397C39-D258-4C69-91B2-429D3A403EB7}.Release|x86.ActiveCfg = Release|Any CPU
		{6D397C39-D258-4C69-91B2-429D3A403EB7}.Release|x86.Build.0 = Release|Any CPU
		{2EAE931B-326E-491D-86A7-0CC9E732E711}.Debug|Any CPU.ActiveCfg = Debug|Any CPU
		{2EAE931B-326E-491D-86A7-0CC9E732E711}.Debug|Any CPU.Build.0 = Debug|Any CPU
		{2EAE931B-326E-491D-86A7-0CC9E732E711}.Debug|x64.ActiveCfg = Debug|Any CPU
		{2EAE931B-326E-491D-86A7-0CC9E732E711}.Debug|x64.Build.0 = Debug|Any CPU
		{2EAE931B-326E-491D-86A7-0CC9E732E711}.Debug|x86.ActiveCfg = Debug|Any CPU
		{2EAE931B-326E-491D-86A7-0CC9E732E711}.Debug|x86.Build.0 = Debug|Any CPU
		{2EAE931B-326E-491D-86A7-0CC9E732E711}.Release|Any CPU.ActiveCfg = Release|Any CPU
		{2EAE931B-326E-491D-86A7-0CC9E732E711}.Release|Any CPU.Build.0 = Release|Any CPU
		{2EAE931B-326E-491D-86A7-0CC9E732E711}.Release|x64.ActiveCfg = Release|Any CPU
		{2EAE931B-326E-491D-86A7-0CC9E732E711}.Release|x64.Build.0 = Release|Any CPU
		{2EAE931B-326E-491D-86A7-0CC9E732E711}.Release|x86.ActiveCfg = Release|Any CPU
		{2EAE931B-326E-491D-86A7-0CC9E732E711}.Release|x86.Build.0 = Release|Any CPU
		{F0E25D42-F334-4C1A-BDFD-BBD0B5718F5C}.Debug|Any CPU.ActiveCfg = Debug|Any CPU
		{F0E25D42-F334-4C1A-BDFD-BBD0B5718F5C}.Debug|Any CPU.Build.0 = Debug|Any CPU
		{F0E25D42-F334-4C1A-BDFD-BBD0B5718F5C}.Debug|x64.ActiveCfg = Debug|Any CPU
		{F0E25D42-F334-4C1A-BDFD-BBD0B5718F5C}.Debug|x64.Build.0 = Debug|Any CPU
		{F0E25D42-F334-4C1A-BDFD-BBD0B5718F5C}.Debug|x86.ActiveCfg = Debug|Any CPU
		{F0E25D42-F334-4C1A-BDFD-BBD0B5718F5C}.Debug|x86.Build.0 = Debug|Any CPU
		{F0E25D42-F334-4C1A-BDFD-BBD0B5718F5C}.Release|Any CPU.ActiveCfg = Release|Any CPU
		{F0E25D42-F334-4C1A-BDFD-BBD0B5718F5C}.Release|Any CPU.Build.0 = Release|Any CPU
		{F0E25D42-F334-4C1A-BDFD-BBD0B5718F5C}.Release|x64.ActiveCfg = Release|Any CPU
		{F0E25D42-F334-4C1A-BDFD-BBD0B5718F5C}.Release|x64.Build.0 = Release|Any CPU
		{F0E25D42-F334-4C1A-BDFD-BBD0B5718F5C}.Release|x86.ActiveCfg = Release|Any CPU
		{F0E25D42-F334-4C1A-BDFD-BBD0B5718F5C}.Release|x86.Build.0 = Release|Any CPU
		{C1C3E803-CC97-4352-B900-983A60663F15}.Debug|Any CPU.ActiveCfg = Debug|Any CPU
		{C1C3E803-CC97-4352-B900-983A60663F15}.Debug|Any CPU.Build.0 = Debug|Any CPU
		{C1C3E803-CC97-4352-B900-983A60663F15}.Debug|x64.ActiveCfg = Debug|Any CPU
		{C1C3E803-CC97-4352-B900-983A60663F15}.Debug|x64.Build.0 = Debug|Any CPU
		{C1C3E803-CC97-4352-B900-983A60663F15}.Debug|x86.ActiveCfg = Debug|Any CPU
		{C1C3E803-CC97-4352-B900-983A60663F15}.Debug|x86.Build.0 = Debug|Any CPU
		{C1C3E803-CC97-4352-B900-983A60663F15}.Release|Any CPU.ActiveCfg = Release|Any CPU
		{C1C3E803-CC97-4352-B900-983A60663F15}.Release|Any CPU.Build.0 = Release|Any CPU
		{C1C3E803-CC97-4352-B900-983A60663F15}.Release|x64.ActiveCfg = Release|Any CPU
		{C1C3E803-CC97-4352-B900-983A60663F15}.Release|x64.Build.0 = Release|Any CPU
		{C1C3E803-CC97-4352-B900-983A60663F15}.Release|x86.ActiveCfg = Release|Any CPU
		{C1C3E803-CC97-4352-B900-983A60663F15}.Release|x86.Build.0 = Release|Any CPU
		{B504F729-218D-4949-BF03-EAE162A4BB95}.Debug|Any CPU.ActiveCfg = Debug|Any CPU
		{B504F729-218D-4949-BF03-EAE162A4BB95}.Debug|Any CPU.Build.0 = Debug|Any CPU
		{B504F729-218D-4949-BF03-EAE162A4BB95}.Debug|x64.ActiveCfg = Debug|Any CPU
		{B504F729-218D-4949-BF03-EAE162A4BB95}.Debug|x64.Build.0 = Debug|Any CPU
		{B504F729-218D-4949-BF03-EAE162A4BB95}.Debug|x86.ActiveCfg = Debug|Any CPU
		{B504F729-218D-4949-BF03-EAE162A4BB95}.Debug|x86.Build.0 = Debug|Any CPU
		{B504F729-218D-4949-BF03-EAE162A4BB95}.Release|Any CPU.ActiveCfg = Release|Any CPU
		{B504F729-218D-4949-BF03-EAE162A4BB95}.Release|Any CPU.Build.0 = Release|Any CPU
		{B504F729-218D-4949-BF03-EAE162A4BB95}.Release|x64.ActiveCfg = Release|Any CPU
		{B504F729-218D-4949-BF03-EAE162A4BB95}.Release|x64.Build.0 = Release|Any CPU
		{B504F729-218D-4949-BF03-EAE162A4BB95}.Release|x86.ActiveCfg = Release|Any CPU
		{B504F729-218D-4949-BF03-EAE162A4BB95}.Release|x86.Build.0 = Release|Any CPU
		{9893E1D2-2BCA-46D8-AEF3-599F3958CA72}.Debug|Any CPU.ActiveCfg = Debug|Any CPU
		{9893E1D2-2BCA-46D8-AEF3-599F3958CA72}.Debug|Any CPU.Build.0 = Debug|Any CPU
		{9893E1D2-2BCA-46D8-AEF3-599F3958CA72}.Debug|x64.ActiveCfg = Debug|Any CPU
		{9893E1D2-2BCA-46D8-AEF3-599F3958CA72}.Debug|x64.Build.0 = Debug|Any CPU
		{9893E1D2-2BCA-46D8-AEF3-599F3958CA72}.Debug|x86.ActiveCfg = Debug|Any CPU
		{9893E1D2-2BCA-46D8-AEF3-599F3958CA72}.Debug|x86.Build.0 = Debug|Any CPU
		{9893E1D2-2BCA-46D8-AEF3-599F3958CA72}.Release|Any CPU.ActiveCfg = Release|Any CPU
		{9893E1D2-2BCA-46D8-AEF3-599F3958CA72}.Release|Any CPU.Build.0 = Release|Any CPU
		{9893E1D2-2BCA-46D8-AEF3-599F3958CA72}.Release|x64.ActiveCfg = Release|Any CPU
		{9893E1D2-2BCA-46D8-AEF3-599F3958CA72}.Release|x64.Build.0 = Release|Any CPU
		{9893E1D2-2BCA-46D8-AEF3-599F3958CA72}.Release|x86.ActiveCfg = Release|Any CPU
		{9893E1D2-2BCA-46D8-AEF3-599F3958CA72}.Release|x86.Build.0 = Release|Any CPU
		{643A1445-B387-44D0-A1C6-537FC9F09917}.Debug|Any CPU.ActiveCfg = Debug|Any CPU
		{643A1445-B387-44D0-A1C6-537FC9F09917}.Debug|Any CPU.Build.0 = Debug|Any CPU
		{643A1445-B387-44D0-A1C6-537FC9F09917}.Debug|x64.ActiveCfg = Debug|Any CPU
		{643A1445-B387-44D0-A1C6-537FC9F09917}.Debug|x64.Build.0 = Debug|Any CPU
		{643A1445-B387-44D0-A1C6-537FC9F09917}.Debug|x86.ActiveCfg = Debug|Any CPU
		{643A1445-B387-44D0-A1C6-537FC9F09917}.Debug|x86.Build.0 = Debug|Any CPU
		{643A1445-B387-44D0-A1C6-537FC9F09917}.Release|Any CPU.ActiveCfg = Release|Any CPU
		{643A1445-B387-44D0-A1C6-537FC9F09917}.Release|Any CPU.Build.0 = Release|Any CPU
		{643A1445-B387-44D0-A1C6-537FC9F09917}.Release|x64.ActiveCfg = Release|Any CPU
		{643A1445-B387-44D0-A1C6-537FC9F09917}.Release|x64.Build.0 = Release|Any CPU
		{643A1445-B387-44D0-A1C6-537FC9F09917}.Release|x86.ActiveCfg = Release|Any CPU
		{643A1445-B387-44D0-A1C6-537FC9F09917}.Release|x86.Build.0 = Release|Any CPU
		{1D92F69E-219C-482E-ACE0-3794929080FE}.Debug|Any CPU.ActiveCfg = Debug|Any CPU
		{1D92F69E-219C-482E-ACE0-3794929080FE}.Debug|Any CPU.Build.0 = Debug|Any CPU
		{1D92F69E-219C-482E-ACE0-3794929080FE}.Debug|x64.ActiveCfg = Debug|Any CPU
		{1D92F69E-219C-482E-ACE0-3794929080FE}.Debug|x64.Build.0 = Debug|Any CPU
		{1D92F69E-219C-482E-ACE0-3794929080FE}.Debug|x86.ActiveCfg = Debug|Any CPU
		{1D92F69E-219C-482E-ACE0-3794929080FE}.Debug|x86.Build.0 = Debug|Any CPU
		{1D92F69E-219C-482E-ACE0-3794929080FE}.Release|Any CPU.ActiveCfg = Release|Any CPU
		{1D92F69E-219C-482E-ACE0-3794929080FE}.Release|Any CPU.Build.0 = Release|Any CPU
		{1D92F69E-219C-482E-ACE0-3794929080FE}.Release|x64.ActiveCfg = Release|Any CPU
		{1D92F69E-219C-482E-ACE0-3794929080FE}.Release|x64.Build.0 = Release|Any CPU
		{1D92F69E-219C-482E-ACE0-3794929080FE}.Release|x86.ActiveCfg = Release|Any CPU
		{1D92F69E-219C-482E-ACE0-3794929080FE}.Release|x86.Build.0 = Release|Any CPU
		{4FEFDDDB-9C4C-41AD-ACAF-D5E6EA825448}.Debug|Any CPU.ActiveCfg = Debug|Any CPU
		{4FEFDDDB-9C4C-41AD-ACAF-D5E6EA825448}.Debug|Any CPU.Build.0 = Debug|Any CPU
		{4FEFDDDB-9C4C-41AD-ACAF-D5E6EA825448}.Debug|x64.ActiveCfg = Debug|Any CPU
		{4FEFDDDB-9C4C-41AD-ACAF-D5E6EA825448}.Debug|x64.Build.0 = Debug|Any CPU
		{4FEFDDDB-9C4C-41AD-ACAF-D5E6EA825448}.Debug|x86.ActiveCfg = Debug|Any CPU
		{4FEFDDDB-9C4C-41AD-ACAF-D5E6EA825448}.Debug|x86.Build.0 = Debug|Any CPU
		{4FEFDDDB-9C4C-41AD-ACAF-D5E6EA825448}.Release|Any CPU.ActiveCfg = Release|Any CPU
		{4FEFDDDB-9C4C-41AD-ACAF-D5E6EA825448}.Release|Any CPU.Build.0 = Release|Any CPU
		{4FEFDDDB-9C4C-41AD-ACAF-D5E6EA825448}.Release|x64.ActiveCfg = Release|Any CPU
		{4FEFDDDB-9C4C-41AD-ACAF-D5E6EA825448}.Release|x64.Build.0 = Release|Any CPU
		{4FEFDDDB-9C4C-41AD-ACAF-D5E6EA825448}.Release|x86.ActiveCfg = Release|Any CPU
		{4FEFDDDB-9C4C-41AD-ACAF-D5E6EA825448}.Release|x86.Build.0 = Release|Any CPU
		{B5BCBD15-7410-4E88-A812-C23B87F17F4E}.Debug|Any CPU.ActiveCfg = Debug|Any CPU
		{B5BCBD15-7410-4E88-A812-C23B87F17F4E}.Debug|Any CPU.Build.0 = Debug|Any CPU
		{B5BCBD15-7410-4E88-A812-C23B87F17F4E}.Debug|x64.ActiveCfg = Debug|Any CPU
		{B5BCBD15-7410-4E88-A812-C23B87F17F4E}.Debug|x64.Build.0 = Debug|Any CPU
		{B5BCBD15-7410-4E88-A812-C23B87F17F4E}.Debug|x86.ActiveCfg = Debug|Any CPU
		{B5BCBD15-7410-4E88-A812-C23B87F17F4E}.Debug|x86.Build.0 = Debug|Any CPU
		{B5BCBD15-7410-4E88-A812-C23B87F17F4E}.Release|Any CPU.ActiveCfg = Release|Any CPU
		{B5BCBD15-7410-4E88-A812-C23B87F17F4E}.Release|Any CPU.Build.0 = Release|Any CPU
		{B5BCBD15-7410-4E88-A812-C23B87F17F4E}.Release|x64.ActiveCfg = Release|Any CPU
		{B5BCBD15-7410-4E88-A812-C23B87F17F4E}.Release|x64.Build.0 = Release|Any CPU
		{B5BCBD15-7410-4E88-A812-C23B87F17F4E}.Release|x86.ActiveCfg = Release|Any CPU
		{B5BCBD15-7410-4E88-A812-C23B87F17F4E}.Release|x86.Build.0 = Release|Any CPU
	EndGlobalSection
	GlobalSection(SolutionProperties) = preSolution
		HideSolutionNode = FALSE
	EndGlobalSection
	GlobalSection(NestedProjects) = preSolution
		{88EE04A1-9FE0-46C7-BA03-48B498C5CA7D} = {A93311F4-BAF5-41DF-BF06-E421E2FF0CA7}
		{64C3EECF-4980-4942-9954-35C08915A887} = {A93311F4-BAF5-41DF-BF06-E421E2FF0CA7}
		{357D272A-B23F-4F04-8D5D-CCEA0CB4F1F9} = {A93311F4-BAF5-41DF-BF06-E421E2FF0CA7}
		{6D397C39-D258-4C69-91B2-429D3A403EB7} = {A93311F4-BAF5-41DF-BF06-E421E2FF0CA7}
		{2EAE931B-326E-491D-86A7-0CC9E732E711} = {A93311F4-BAF5-41DF-BF06-E421E2FF0CA7}
		{F0E25D42-F334-4C1A-BDFD-BBD0B5718F5C} = {A93311F4-BAF5-41DF-BF06-E421E2FF0CA7}
		{C1C3E803-CC97-4352-B900-983A60663F15} = {A93311F4-BAF5-41DF-BF06-E421E2FF0CA7}
		{B504F729-218D-4949-BF03-EAE162A4BB95} = {A93311F4-BAF5-41DF-BF06-E421E2FF0CA7}
		{9893E1D2-2BCA-46D8-AEF3-599F3958CA72} = {A93311F4-BAF5-41DF-BF06-E421E2FF0CA7}
		{643A1445-B387-44D0-A1C6-537FC9F09917} = {A93311F4-BAF5-41DF-BF06-E421E2FF0CA7}
		{1D92F69E-219C-482E-ACE0-3794929080FE} = {A93311F4-BAF5-41DF-BF06-E421E2FF0CA7}
		{4FEFDDDB-9C4C-41AD-ACAF-D5E6EA825448} = {A93311F4-BAF5-41DF-BF06-E421E2FF0CA7}
		{B5BCBD15-7410-4E88-A812-C23B87F17F4E} = {A93311F4-BAF5-41DF-BF06-E421E2FF0CA7}
	EndGlobalSection
	GlobalSection(ExtensibilityGlobals) = postSolution
		SolutionGuid = {BB932ADA-A93C-424A-BA50-0701A23783DC}
	EndGlobalSection
	GlobalSection(SharedMSBuildProjectFiles) = preSolution
		Core\Core.projitems*{357d272a-b23f-4f04-8d5d-ccea0cb4f1f9}*SharedItemsImports = 5
		Core\Core.projitems*{449c6a26-fcdc-4326-b23b-66131a5b324f}*SharedItemsImports = 13
		Core\Core.projitems*{64c3eecf-4980-4942-9954-35c08915a887}*SharedItemsImports = 5
		Core\Core.projitems*{88ee04a1-9fe0-46c7-ba03-48b498c5ca7d}*SharedItemsImports = 5
	EndGlobalSection
EndGlobal
